// !$*UTF8*$!
{
	archiveVersion = 1;
	classes = {
	};
	objectVersion = 46;
	objects = {

/* Begin PBXBuildFile section */
		F6C374AC16A1900E000857A4 /* main.cpp in Sources */ = {isa = PBXBuildFile; fileRef = F6C374AB16A1900E000857A4 /* main.cpp */; };
		F6C374AE16A1900E000857A4 /* BiggestPalindrome.1 in CopyFiles */ = {isa = PBXBuildFile; fileRef = F6C374AD16A1900E000857A4 /* BiggestPalindrome.1 */; };
/* End PBXBuildFile section */

/* Begin PBXCopyFilesBuildPhase section */
		F6C374A516A1900E000857A4 /* CopyFiles */ = {
			isa = PBXCopyFilesBuildPhase;
			buildActionMask = 2147483647;
			dstPath = /usr/share/man/man1/;
			dstSubfolderSpec = 0;
			files = (
				F6C374AE16A1900E000857A4 /* BiggestPalindrome.1 in CopyFiles */,
			);
			runOnlyForDeploymentPostprocessing = 1;
		};
/* End PBXCopyFilesBuildPhase section */

/* Begin PBXFileReference section */
		F6C374A716A1900E000857A4 /* BiggestPalindrome */ = {isa = PBXFileReference; explicitFileType = "compiled.mach-o.executable"; includeInIndex = 0; path = BiggestPalindrome; sourceTree = BUILT_PRODUCTS_DIR; };
		F6C374AB16A1900E000857A4 /* main.cpp */ = {isa = PBXFileReference; lastKnownFileType = sourcecode.cpp.cpp; path = main.cpp; sourceTree = "<group>"; };
		F6C374AD16A1900E000857A4 /* BiggestPalindrome.1 */ = {isa = PBXFileReference; lastKnownFileType = text.man; path = BiggestPalindrome.1; sourceTree = "<group>"; };
/* End PBXFileReference section */

/* Begin PBXFrameworksBuildPhase section */
		F6C374A416A1900E000857A4 /* Frameworks */ = {
			isa = PBXFrameworksBuildPhase;
			buildActionMask = 2147483647;
			files = (
			);
			runOnlyForDeploymentPostprocessing = 0;
		};
/* End PBXFrameworksBuildPhase section */

/* Begin PBXGroup section */
		F6C3749C16A1900D000857A4 = {
			isa = PBXGroup;
			children = (
				F6C374AA16A1900E000857A4 /* BiggestPalindrome */,
				F6C374A816A1900E000857A4 /* Products */,
			);
			sourceTree = "<group>";
		};
		F6C374A816A1900E000857A4 /* Products */ = {
			isa = PBXGroup;
			children = (
				F6C374A716A1900E000857A4 /* BiggestPalindrome */,
			);
			name = Products;
			sourceTree = "<group>";
		};
		F6C374AA16A1900E000857A4 /* BiggestPalindrome */ = {
			isa = PBXGroup;
			children = (
				F6C374AB16A1900E000857A4 /* main.cpp */,
				F6C374AD16A1900E000857A4 /* BiggestPalindrome.1 */,
			);
			path = BiggestPalindrome;
			sourceTree = "<group>";
		};
/* End PBXGroup section */

/* Begin PBXNativeTarget section */
		F6C374A616A1900E000857A4 /* BiggestPalindrome */ = {
			isa = PBXNativeTarget;
			buildConfigurationList = F6C374B116A1900E000857A4 /* Build configuration list for PBXNativeTarget "BiggestPalindrome" */;
			buildPhases = (
				F6C374A316A1900E000857A4 /* Sources */,
				F6C374A416A1900E000857A4 /* Frameworks */,
				F6C374A516A1900E000857A4 /* CopyFiles */,
			);
			buildRules = (
			);
			dependencies = (
			);
			name = BiggestPalindrome;
			productName = BiggestPalindrome;
			productReference = F6C374A716A1900E000857A4 /* BiggestPalindrome */;
			productType = "com.apple.product-type.tool";
		};
/* End PBXNativeTarget section */

/* Begin PBXProject section */
		F6C3749E16A1900D000857A4 /* Project object */ = {
			isa = PBXProject;
			attributes = {
				LastUpgradeCheck = 0420;
			};
			buildConfigurationList = F6C374A116A1900D000857A4 /* Build configuration list for PBXProject "BiggestPalindrome" */;
			compatibilityVersion = "Xcode 3.2";
			developmentRegion = English;
			hasScannedForEncodings = 0;
			knownRegions = (
				en,
			);
			mainGroup = F6C3749C16A1900D000857A4;
			productRefGroup = F6C374A816A1900E000857A4 /* Products */;
			projectDirPath = "";
			projectRoot = "";
			targets = (
				F6C374A616A1900E000857A4 /* BiggestPalindrome */,
			);
		};
/* End PBXProject section */

/* Begin PBXSourcesBuildPhase section */
		F6C374A316A1900E000857A4 /* Sources */ = {
			isa = PBXSourcesBuildPhase;
			buildActionMask = 2147483647;
			files = (
				F6C374AC16A1900E000857A4 /* main.cpp in Sources */,
			);
			runOnlyForDeploymentPostprocessing = 0;
		};
/* End PBXSourcesBuildPhase section */

/* Begin XCBuildConfiguration section */
		F6C374AF16A1900E000857A4 /* Debug */ = {
			isa = XCBuildConfiguration;
			buildSettings = {
				ALWAYS_SEARCH_USER_PATHS = NO;
				ARCHS = "$(ARCHS_STANDARD_64_BIT)";
				COPY_PHASE_STRIP = NO;
				GCC_C_LANGUAGE_STANDARD = gnu99;
				GCC_DYNAMIC_NO_PIC = NO;
				GCC_ENABLE_OBJC_EXCEPTIONS = YES;
				GCC_OPTIMIZATION_LEVEL = 0;
				GCC_PREPROCESSOR_DEFINITIONS = (
					"DEBUG=1",
					"$(inherited)",
				);
				GCC_SYMBOLS_PRIVATE_EXTERN = NO;
				GCC_VERSION = com.apple.compilers.llvm.clang.1_0;
				GCC_WARN_64_TO_32_BIT_CONVERSION = YES;
				GCC_WARN_ABOUT_MISSING_PROTOTYPES = YES;
				GCC_WARN_ABOUT_RETURN_TYPE = YES;
				GCC_WARN_UNUSED_VARIABLE = YES;
				MACOSX_DEPLOYMENT_TARGET = 10.6;
				ONLY_ACTIVE_ARCH = YES;
				SDKROOT = macosx;
			};
			name = Debug;
		};
		F6C374B016A1900E000857A4 /* Release */ = {
			isa = XCBuildConfiguration;
			buildSettings = {
				ALWAYS_SEARCH_USER_PATHS = NO;
				ARCHS = "$(ARCHS_STANDARD_64_BIT)";
				COPY_PHASE_STRIP = YES;
				DEBUG_INFORMATION_FORMAT = "dwarf-with-dsym";
				GCC_C_LANGUAGE_STANDARD = gnu99;
				GCC_ENABLE_OBJC_EXCEPTIONS = YES;
				GCC_VERSION = com.apple.compilers.llvm.clang.1_0;
				GCC_WARN_64_TO_32_BIT_CONVERSION = YES;
				GCC_WARN_ABOUT_MISSING_PROTOTYPES = YES;
				GCC_WARN_ABOUT_RETURN_TYPE = YES;
				GCC_WARN_UNUSED_VARIABLE = YES;
				MACOSX_DEPLOYMENT_TARGET = 10.6;
				SDKROOT = macosx;
			};
			name = Release;
		};
		F6C374B216A1900E000857A4 /* Debug */ = {
			isa = XCBuildConfiguration;
			buildSettings = {
				PRODUCT_NAME = "$(TARGET_NAME)";
			};
			name = Debug;
		};
		F6C374B316A1900E000857A4 /* Release */ = {
			isa = XCBuildConfiguration;
			buildSettings = {
				PRODUCT_NAME = "$(TARGET_NAME)";
			};
			name = Release;
		};
/* End XCBuildConfiguration section */

/* Begin XCConfigurationList section */
		F6C374A116A1900D000857A4 /* Build configuration list for PBXProject "BiggestPalindrome" */ = {
			isa = XCConfigurationList;
			buildConfigurations = (
				F6C374AF16A1900E000857A4 /* Debug */,
				F6C374B016A1900E000857A4 /* Release */,
			);
			defaultConfigurationIsVisible = 0;
			defaultConfigurationName = Release;
		};
		F6C374B116A1900E000857A4 /* Build configuration list for PBXNativeTarget "BiggestPalindrome" */ = {
			isa = XCConfigurationList;
			buildConfigurations = (
				F6C374B216A1900E000857A4 /* Debug */,
				F6C374B316A1900E000857A4 /* Release */,
			);
			defaultConfigurationIsVisible = 0;
		};
/* End XCConfigurationList section */
	};
	rootObject = F6C3749E16A1900D000857A4 /* Project object */;
}
