// !$*UTF8*$!
{
	archiveVersion = 1;
	classes = {
	};
	objectVersion = 46;
	objects = {

/* Begin PBXBuildFile section */
		F67758ED16B12E50007974CA /* main.cpp in Sources */ = {isa = PBXBuildFile; fileRef = F67758EC16B12E50007974CA /* main.cpp */; };
		F67758EF16B12E50007974CA /* NewTest.1 in CopyFiles */ = {isa = PBXBuildFile; fileRef = F67758EE16B12E50007974CA /* NewTest.1 */; };
/* End PBXBuildFile section */

/* Begin PBXCopyFilesBuildPhase section */
		F67758E616B12E50007974CA /* CopyFiles */ = {
			isa = PBXCopyFilesBuildPhase;
			buildActionMask = 2147483647;
			dstPath = /usr/share/man/man1/;
			dstSubfolderSpec = 0;
			files = (
				F67758EF16B12E50007974CA /* NewTest.1 in CopyFiles */,
			);
			runOnlyForDeploymentPostprocessing = 1;
		};
/* End PBXCopyFilesBuildPhase section */

/* Begin PBXFileReference section */
		F67758E816B12E50007974CA /* NewTest */ = {isa = PBXFileReference; explicitFileType = "compiled.mach-o.executable"; includeInIndex = 0; path = NewTest; sourceTree = BUILT_PRODUCTS_DIR; };
		F67758EC16B12E50007974CA /* main.cpp */ = {isa = PBXFileReference; lastKnownFileType = sourcecode.cpp.cpp; path = main.cpp; sourceTree = "<group>"; };
		F67758EE16B12E50007974CA /* NewTest.1 */ = {isa = PBXFileReference; lastKnownFileType = text.man; path = NewTest.1; sourceTree = "<group>"; };
/* End PBXFileReference section */

/* Begin PBXFrameworksBuildPhase section */
		F67758E516B12E50007974CA /* Frameworks */ = {
			isa = PBXFrameworksBuildPhase;
			buildActionMask = 2147483647;
			files = (
			);
			runOnlyForDeploymentPostprocessing = 0;
		};
/* End PBXFrameworksBuildPhase section */

/* Begin PBXGroup section */
		F67758DD16B12E50007974CA = {
			isa = PBXGroup;
			children = (
				F67758EB16B12E50007974CA /* NewTest */,
				F67758E916B12E50007974CA /* Products */,
			);
			sourceTree = "<group>";
		};
		F67758E916B12E50007974CA /* Products */ = {
			isa = PBXGroup;
			children = (
				F67758E816B12E50007974CA /* NewTest */,
			);
			name = Products;
			sourceTree = "<group>";
		};
		F67758EB16B12E50007974CA /* NewTest */ = {
			isa = PBXGroup;
			children = (
				F67758EC16B12E50007974CA /* main.cpp */,
				F67758EE16B12E50007974CA /* NewTest.1 */,
			);
			path = NewTest;
			sourceTree = "<group>";
		};
/* End PBXGroup section */

/* Begin PBXNativeTarget section */
		F67758E716B12E50007974CA /* NewTest */ = {
			isa = PBXNativeTarget;
			buildConfigurationList = F67758F216B12E51007974CA /* Build configuration list for PBXNativeTarget "NewTest" */;
			buildPhases = (
				F67758E416B12E50007974CA /* Sources */,
				F67758E516B12E50007974CA /* Frameworks */,
				F67758E616B12E50007974CA /* CopyFiles */,
			);
			buildRules = (
			);
			dependencies = (
			);
			name = NewTest;
			productName = NewTest;
			productReference = F67758E816B12E50007974CA /* NewTest */;
			productType = "com.apple.product-type.tool";
		};
/* End PBXNativeTarget section */

/* Begin PBXProject section */
		F67758DF16B12E50007974CA /* Project object */ = {
			isa = PBXProject;
			attributes = {
				LastUpgradeCheck = 0420;
			};
			buildConfigurationList = F67758E216B12E50007974CA /* Build configuration list for PBXProject "NewTest" */;
			compatibilityVersion = "Xcode 3.2";
			developmentRegion = English;
			hasScannedForEncodings = 0;
			knownRegions = (
				en,
			);
			mainGroup = F67758DD16B12E50007974CA;
			productRefGroup = F67758E916B12E50007974CA /* Products */;
			projectDirPath = "";
			projectRoot = "";
			targets = (
				F67758E716B12E50007974CA /* NewTest */,
			);
		};
/* End PBXProject section */

/* Begin PBXSourcesBuildPhase section */
		F67758E416B12E50007974CA /* Sources */ = {
			isa = PBXSourcesBuildPhase;
			buildActionMask = 2147483647;
			files = (
				F67758ED16B12E50007974CA /* main.cpp in Sources */,
			);
			runOnlyForDeploymentPostprocessing = 0;
		};
/* End PBXSourcesBuildPhase section */

/* Begin XCBuildConfiguration section */
		F67758F016B12E51007974CA /* Debug */ = {
			isa = XCBuildConfiguration;
			buildSettings = {
				ALWAYS_SEARCH_USER_PATHS = NO;
				ARCHS = "$(ARCHS_STANDARD_64_BIT)";
				COPY_PHASE_STRIP = NO;
				GCC_C_LANGUAGE_STANDARD = gnu99;
				GCC_DYNAMIC_NO_PIC = NO;
				GCC_ENABLE_OBJC_EXCEPTIONS = YES;
				GCC_OPTIMIZATION_LEVEL = 0;
				GCC_PREPROCESSOR_DEFINITIONS = (
					"DEBUG=1",
					"$(inherited)",
				);
				GCC_SYMBOLS_PRIVATE_EXTERN = NO;
				GCC_VERSION = com.apple.compilers.llvm.clang.1_0;
				GCC_WARN_64_TO_32_BIT_CONVERSION = YES;
				GCC_WARN_ABOUT_MISSING_PROTOTYPES = YES;
				GCC_WARN_ABOUT_RETURN_TYPE = YES;
				GCC_WARN_UNUSED_VARIABLE = YES;
				MACOSX_DEPLOYMENT_TARGET = 10.6;
				ONLY_ACTIVE_ARCH = YES;
				SDKROOT = macosx;
			};
			name = Debug;
		};
		F67758F116B12E51007974CA /* Release */ = {
			isa = XCBuildConfiguration;
			buildSettings = {
				ALWAYS_SEARCH_USER_PATHS = NO;
				ARCHS = "$(ARCHS_STANDARD_64_BIT)";
				COPY_PHASE_STRIP = YES;
				DEBUG_INFORMATION_FORMAT = "dwarf-with-dsym";
				GCC_C_LANGUAGE_STANDARD = gnu99;
				GCC_ENABLE_OBJC_EXCEPTIONS = YES;
				GCC_VERSION = com.apple.compilers.llvm.clang.1_0;
				GCC_WARN_64_TO_32_BIT_CONVERSION = YES;
				GCC_WARN_ABOUT_MISSING_PROTOTYPES = YES;
				GCC_WARN_ABOUT_RETURN_TYPE = YES;
				GCC_WARN_UNUSED_VARIABLE = YES;
				MACOSX_DEPLOYMENT_TARGET = 10.6;
				SDKROOT = macosx;
			};
			name = Release;
		};
		F67758F316B12E51007974CA /* Debug */ = {
			isa = XCBuildConfiguration;
			buildSettings = {
				PRODUCT_NAME = "$(TARGET_NAME)";
			};
			name = Debug;
		};
		F67758F416B12E51007974CA /* Release */ = {
			isa = XCBuildConfiguration;
			buildSettings = {
				PRODUCT_NAME = "$(TARGET_NAME)";
			};
			name = Release;
		};
/* End XCBuildConfiguration section */

/* Begin XCConfigurationList section */
		F67758E216B12E50007974CA /* Build configuration list for PBXProject "NewTest" */ = {
			isa = XCConfigurationList;
			buildConfigurations = (
				F67758F016B12E51007974CA /* Debug */,
				F67758F116B12E51007974CA /* Release */,
			);
			defaultConfigurationIsVisible = 0;
			defaultConfigurationName = Release;
		};
		F67758F216B12E51007974CA /* Build configuration list for PBXNativeTarget "NewTest" */ = {
			isa = XCConfigurationList;
			buildConfigurations = (
				F67758F316B12E51007974CA /* Debug */,
				F67758F416B12E51007974CA /* Release */,
			);
			defaultConfigurationIsVisible = 0;
		};
/* End XCConfigurationList section */
	};
	rootObject = F67758DF16B12E50007974CA /* Project object */;
}
